// !$*UTF8*$!
{
	archiveVersion = 1;
	classes = {
	};
	objectVersion = 77;
	objects = {

/* Begin PBXContainerItemProxy section */
		E57D37892D5D517B00DD4491 /* PBXContainerItemProxy */ = {
			isa = PBXContainerItemProxy;
			containerPortal = E57D37702D5D517A00DD4491 /* Project object */;
			proxyType = 1;
			remoteGlobalIDString = E57D37772D5D517A00DD4491;
			remoteInfo = SnowReport;
		};
		E57D37932D5D517B00DD4491 /* PBXContainerItemProxy */ = {
			isa = PBXContainerItemProxy;
			containerPortal = E57D37702D5D517A00DD4491 /* Project object */;
			proxyType = 1;
			remoteGlobalIDString = E57D37772D5D517A00DD4491;
			remoteInfo = SnowReport;
		};
/* End PBXContainerItemProxy section */

/* Begin PBXFileReference section */
		E57D37782D5D517A00DD4491 /* SnowReport.app */ = {isa = PBXFileReference; explicitFileType = wrapper.application; includeInIndex = 0; path = SnowReport.app; sourceTree = BUILT_PRODUCTS_DIR; };
		E57D37882D5D517B00DD4491 /* SnowReportTests.xctest */ = {isa = PBXFileReference; explicitFileType = wrapper.cfbundle; includeInIndex = 0; path = SnowReportTests.xctest; sourceTree = BUILT_PRODUCTS_DIR; };
		E57D37922D5D517B00DD4491 /* SnowReportUITests.xctest */ = {isa = PBXFileReference; explicitFileType = wrapper.cfbundle; includeInIndex = 0; path = SnowReportUITests.xctest; sourceTree = BUILT_PRODUCTS_DIR; };
/* End PBXFileReference section */

/* Begin PBXFileSystemSynchronizedRootGroup section */
		E57D377A2D5D517A00DD4491 /* SnowReport */ = {
			isa = PBXFileSystemSynchronizedRootGroup;
			path = SnowReport;
			sourceTree = "<group>";
		};
		E57D378B2D5D517B00DD4491 /* SnowReportTests */ = {
			isa = PBXFileSystemSynchronizedRootGroup;
			path = SnowReportTests;
			sourceTree = "<group>";
		};
		E57D37952D5D517B00DD4491 /* SnowReportUITests */ = {
			isa = PBXFileSystemSynchronizedRootGroup;
			path = SnowReportUITests;
			sourceTree = "<group>";
		};
/* End PBXFileSystemSynchronizedRootGroup section */

/* Begin PBXFrameworksBuildPhase section */
		E57D37752D5D517A00DD4491 /* Frameworks */ = {
			isa = PBXFrameworksBuildPhase;
			buildActionMask = 2147483647;
			files = (
			);
			runOnlyForDeploymentPostprocessing = 0;
		};
		E57D37852D5D517B00DD4491 /* Frameworks */ = {
			isa = PBXFrameworksBuildPhase;
			buildActionMask = 2147483647;
			files = (
			);
			runOnlyForDeploymentPostprocessing = 0;
		};
		E57D378F2D5D517B00DD4491 /* Frameworks */ = {
			isa = PBXFrameworksBuildPhase;
			buildActionMask = 2147483647;
			files = (
			);
			runOnlyForDeploymentPostprocessing = 0;
		};
/* End PBXFrameworksBuildPhase section */

/* Begin PBXGroup section */
		E57D376F2D5D517A00DD4491 = {
			isa = PBXGroup;
			children = (
				E57D377A2D5D517A00DD4491 /* SnowReport */,
				E57D378B2D5D517B00DD4491 /* SnowReportTests */,
				E57D37952D5D517B00DD4491 /* SnowReportUITests */,
				E57D37792D5D517A00DD4491 /* Products */,
			);
			sourceTree = "<group>";
		};
		E57D37792D5D517A00DD4491 /* Products */ = {
			isa = PBXGroup;
			children = (
				E57D37782D5D517A00DD4491 /* SnowReport.app */,
				E57D37882D5D517B00DD4491 /* SnowReportTests.xctest */,
				E57D37922D5D517B00DD4491 /* SnowReportUITests.xctest */,
			);
			name = Products;
			sourceTree = "<group>";
		};
/* End PBXGroup section */

/* Begin PBXNativeTarget section */
		E57D37772D5D517A00DD4491 /* SnowReport */ = {
			isa = PBXNativeTarget;
			buildConfigurationList = E57D379C2D5D517B00DD4491 /* Build configuration list for PBXNativeTarget "SnowReport" */;
			buildPhases = (
				E57D37742D5D517A00DD4491 /* Sources */,
				E57D37752D5D517A00DD4491 /* Frameworks */,
				E57D37762D5D517A00DD4491 /* Resources */,
			);
			buildRules = (
			);
			dependencies = (
			);
			fileSystemSynchronizedGroups = (
				E57D377A2D5D517A00DD4491 /* SnowReport */,
			);
			name = SnowReport;
			packageProductDependencies = (
			);
			productName = SnowReport;
			productReference = E57D37782D5D517A00DD4491 /* SnowReport.app */;
			productType = "com.apple.product-type.application";
		};
		E57D37872D5D517B00DD4491 /* SnowReportTests */ = {
			isa = PBXNativeTarget;
			buildConfigurationList = E57D379F2D5D517B00DD4491 /* Build configuration list for PBXNativeTarget "SnowReportTests" */;
			buildPhases = (
				E57D37842D5D517B00DD4491 /* Sources */,
				E57D37852D5D517B00DD4491 /* Frameworks */,
				E57D37862D5D517B00DD4491 /* Resources */,
			);
			buildRules = (
			);
			dependencies = (
				E57D378A2D5D517B00DD4491 /* PBXTargetDependency */,
			);
			fileSystemSynchronizedGroups = (
				E57D378B2D5D517B00DD4491 /* SnowReportTests */,
			);
			name = SnowReportTests;
			packageProductDependencies = (
			);
			productName = SnowReportTests;
			productReference = E57D37882D5D517B00DD4491 /* SnowReportTests.xctest */;
			productType = "com.apple.product-type.bundle.unit-test";
		};
		E57D37912D5D517B00DD4491 /* SnowReportUITests */ = {
			isa = PBXNativeTarget;
			buildConfigurationList = E57D37A22D5D517B00DD4491 /* Build configuration list for PBXNativeTarget "SnowReportUITests" */;
			buildPhases = (
				E57D378E2D5D517B00DD4491 /* Sources */,
				E57D378F2D5D517B00DD4491 /* Frameworks */,
				E57D37902D5D517B00DD4491 /* Resources */,
			);
			buildRules = (
			);
			dependencies = (
				E57D37942D5D517B00DD4491 /* PBXTargetDependency */,
			);
			fileSystemSynchronizedGroups = (
				E57D37952D5D517B00DD4491 /* SnowReportUITests */,
			);
			name = SnowReportUITests;
			packageProductDependencies = (
			);
			productName = SnowReportUITests;
			productReference = E57D37922D5D517B00DD4491 /* SnowReportUITests.xctest */;
			productType = "com.apple.product-type.bundle.ui-testing";
		};
/* End PBXNativeTarget section */

/* Begin PBXProject section */
		E57D37702D5D517A00DD4491 /* Project object */ = {
			isa = PBXProject;
			attributes = {
				BuildIndependentTargetsInParallel = 1;
				LastSwiftUpdateCheck = 1620;
				LastUpgradeCheck = 1620;
				TargetAttributes = {
					E57D37772D5D517A00DD4491 = {
						CreatedOnToolsVersion = 16.2;
					};
					E57D37872D5D517B00DD4491 = {
						CreatedOnToolsVersion = 16.2;
						TestTargetID = E57D37772D5D517A00DD4491;
					};
					E57D37912D5D517B00DD4491 = {
						CreatedOnToolsVersion = 16.2;
						TestTargetID = E57D37772D5D517A00DD4491;
					};
				};
			};
			buildConfigurationList = E57D37732D5D517A00DD4491 /* Build configuration list for PBXProject "SnowReport" */;
			developmentRegion = en;
			hasScannedForEncodings = 0;
			knownRegions = (
				en,
				Base,
			);
			mainGroup = E57D376F2D5D517A00DD4491;
			minimizedProjectReferenceProxies = 1;
			preferredProjectObjectVersion = 77;
			productRefGroup = E57D37792D5D517A00DD4491 /* Products */;
			projectDirPath = "";
			projectRoot = "";
			targets = (
				E57D37772D5D517A00DD4491 /* SnowReport */,
				E57D37872D5D517B00DD4491 /* SnowReportTests */,
				E57D37912D5D517B00DD4491 /* SnowReportUITests */,
			);
		};
/* End PBXProject section */

/* Begin PBXResourcesBuildPhase section */
		E57D37762D5D517A00DD4491 /* Resources */ = {
			isa = PBXResourcesBuildPhase;
			buildActionMask = 2147483647;
			files = (
			);
			runOnlyForDeploymentPostprocessing = 0;
		};
		E57D37862D5D517B00DD4491 /* Resources */ = {
			isa = PBXResourcesBuildPhase;
			buildActionMask = 2147483647;
			files = (
			);
			runOnlyForDeploymentPostprocessing = 0;
		};
		E57D37902D5D517B00DD4491 /* Resources */ = {
			isa = PBXResourcesBuildPhase;
			buildActionMask = 2147483647;
			files = (
			);
			runOnlyForDeploymentPostprocessing = 0;
		};
/* End PBXResourcesBuildPhase section */

/* Begin PBXSourcesBuildPhase section */
		E57D37742D5D517A00DD4491 /* Sources */ = {
			isa = PBXSourcesBuildPhase;
			buildActionMask = 2147483647;
			files = (
			);
			runOnlyForDeploymentPostprocessing = 0;
		};
		E57D37842D5D517B00DD4491 /* Sources */ = {
			isa = PBXSourcesBuildPhase;
			buildActionMask = 2147483647;
			files = (
			);
			runOnlyForDeploymentPostprocessing = 0;
		};
		E57D378E2D5D517B00DD4491 /* Sources */ = {
			isa = PBXSourcesBuildPhase;
			buildActionMask = 2147483647;
			files = (
			);
			runOnlyForDeploymentPostprocessing = 0;
		};
/* End PBXSourcesBuildPhase section */

/* Begin PBXTargetDependency section */
		E57D378A2D5D517B00DD4491 /* PBXTargetDependency */ = {
			isa = PBXTargetDependency;
			target = E57D37772D5D517A00DD4491 /* SnowReport */;
			targetProxy = E57D37892D5D517B00DD4491 /* PBXContainerItemProxy */;
		};
		E57D37942D5D517B00DD4491 /* PBXTargetDependency */ = {
			isa = PBXTargetDependency;
			target = E57D37772D5D517A00DD4491 /* SnowReport */;
			targetProxy = E57D37932D5D517B00DD4491 /* PBXContainerItemProxy */;
		};
/* End PBXTargetDependency section */

/* Begin XCBuildConfiguration section */
		E57D379A2D5D517B00DD4491 /* Debug */ = {
			isa = XCBuildConfiguration;
			buildSettings = {
				ALWAYS_SEARCH_USER_PATHS = NO;
				ASSETCATALOG_COMPILER_GENERATE_SWIFT_ASSET_SYMBOL_EXTENSIONS = YES;
				CLANG_ANALYZER_NONNULL = YES;
				CLANG_ANALYZER_NUMBER_OBJECT_CONVERSION = YES_AGGRESSIVE;
				CLANG_CXX_LANGUAGE_STANDARD = "gnu++20";
				CLANG_ENABLE_MODULES = YES;
				CLANG_ENABLE_OBJC_ARC = YES;
				CLANG_ENABLE_OBJC_WEAK = YES;
				CLANG_WARN_BLOCK_CAPTURE_AUTORELEASING = YES;
				CLANG_WARN_BOOL_CONVERSION = YES;
				CLANG_WARN_COMMA = YES;
				CLANG_WARN_CONSTANT_CONVERSION = YES;
				CLANG_WARN_DEPRECATED_OBJC_IMPLEMENTATIONS = YES;
				CLANG_WARN_DIRECT_OBJC_ISA_USAGE = YES_ERROR;
				CLANG_WARN_DOCUMENTATION_COMMENTS = YES;
				CLANG_WARN_EMPTY_BODY = YES;
				CLANG_WARN_ENUM_CONVERSION = YES;
				CLANG_WARN_INFINITE_RECURSION = YES;
				CLANG_WARN_INT_CONVERSION = YES;
				CLANG_WARN_NON_LITERAL_NULL_CONVERSION = YES;
				CLANG_WARN_OBJC_IMPLICIT_RETAIN_SELF = YES;
				CLANG_WARN_OBJC_LITERAL_CONVERSION = YES;
				CLANG_WARN_OBJC_ROOT_CLASS = YES_ERROR;
				CLANG_WARN_QUOTED_INCLUDE_IN_FRAMEWORK_HEADER = YES;
				CLANG_WARN_RANGE_LOOP_ANALYSIS = YES;
				CLANG_WARN_STRICT_PROTOTYPES = YES;
				CLANG_WARN_SUSPICIOUS_MOVE = YES;
				CLANG_WARN_UNGUARDED_AVAILABILITY = YES_AGGRESSIVE;
				CLANG_WARN_UNREACHABLE_CODE = YES;
				CLANG_WARN__DUPLICATE_METHOD_MATCH = YES;
				COPY_PHASE_STRIP = NO;
				DEBUG_INFORMATION_FORMAT = dwarf;
				ENABLE_STRICT_OBJC_MSGSEND = YES;
				ENABLE_TESTABILITY = YES;
				ENABLE_USER_SCRIPT_SANDBOXING = YES;
				GCC_C_LANGUAGE_STANDARD = gnu17;
				GCC_DYNAMIC_NO_PIC = NO;
				GCC_NO_COMMON_BLOCKS = YES;
				GCC_OPTIMIZATION_LEVEL = 0;
				GCC_PREPROCESSOR_DEFINITIONS = (
					"DEBUG=1",
					"$(inherited)",
				);
				GCC_WARN_64_TO_32_BIT_CONVERSION = YES;
				GCC_WARN_ABOUT_RETURN_TYPE = YES_ERROR;
				GCC_WARN_UNDECLARED_SELECTOR = YES;
				GCC_WARN_UNINITIALIZED_AUTOS = YES_AGGRESSIVE;
				GCC_WARN_UNUSED_FUNCTION = YES;
				GCC_WARN_UNUSED_VARIABLE = YES;
				IPHONEOS_DEPLOYMENT_TARGET = 18.2;
				LOCALIZATION_PREFERS_STRING_CATALOGS = YES;
				MTL_ENABLE_DEBUG_INFO = INCLUDE_SOURCE;
				MTL_FAST_MATH = YES;
				ONLY_ACTIVE_ARCH = YES;
				SDKROOT = iphoneos;
				SWIFT_ACTIVE_COMPILATION_CONDITIONS = "DEBUG $(inherited)";
				SWIFT_OPTIMIZATION_LEVEL = "-Onone";
			};
			name = Debug;
		};
		E57D379B2D5D517B00DD4491 /* Release */ = {
			isa = XCBuildConfiguration;
			buildSettings = {
				ALWAYS_SEARCH_USER_PATHS = NO;
				ASSETCATALOG_COMPILER_GENERATE_SWIFT_ASSET_SYMBOL_EXTENSIONS = YES;
				CLANG_ANALYZER_NONNULL = YES;
				CLANG_ANALYZER_NUMBER_OBJECT_CONVERSION = YES_AGGRESSIVE;
				CLANG_CXX_LANGUAGE_STANDARD = "gnu++20";
				CLANG_ENABLE_MODULES = YES;
				CLANG_ENABLE_OBJC_ARC = YES;
				CLANG_ENABLE_OBJC_WEAK = YES;
				CLANG_WARN_BLOCK_CAPTURE_AUTORELEASING = YES;
				CLANG_WARN_BOOL_CONVERSION = YES;
				CLANG_WARN_COMMA = YES;
				CLANG_WARN_CONSTANT_CONVERSION = YES;
				CLANG_WARN_DEPRECATED_OBJC_IMPLEMENTATIONS = YES;
				CLANG_WARN_DIRECT_OBJC_ISA_USAGE = YES_ERROR;
				CLANG_WARN_DOCUMENTATION_COMMENTS = YES;
				CLANG_WARN_EMPTY_BODY = YES;
				CLANG_WARN_ENUM_CONVERSION = YES;
				CLANG_WARN_INFINITE_RECURSION = YES;
				CLANG_WARN_INT_CONVERSION = YES;
				CLANG_WARN_NON_LITERAL_NULL_CONVERSION = YES;
				CLANG_WARN_OBJC_IMPLICIT_RETAIN_SELF = YES;
				CLANG_WARN_OBJC_LITERAL_CONVERSION = YES;
				CLANG_WARN_OBJC_ROOT_CLASS = YES_ERROR;
				CLANG_WARN_QUOTED_INCLUDE_IN_FRAMEWORK_HEADER = YES;
				CLANG_WARN_RANGE_LOOP_ANALYSIS = YES;
				CLANG_WARN_STRICT_PROTOTYPES = YES;
				CLANG_WARN_SUSPICIOUS_MOVE = YES;
				CLANG_WARN_UNGUARDED_AVAILABILITY = YES_AGGRESSIVE;
				CLANG_WARN_UNREACHABLE_CODE = YES;
				CLANG_WARN__DUPLICATE_METHOD_MATCH = YES;
				COPY_PHASE_STRIP = NO;
				DEBUG_INFORMATION_FORMAT = "dwarf-with-dsym";
				ENABLE_NS_ASSERTIONS = NO;
				ENABLE_STRICT_OBJC_MSGSEND = YES;
				ENABLE_USER_SCRIPT_SANDBOXING = YES;
				GCC_C_LANGUAGE_STANDARD = gnu17;
				GCC_NO_COMMON_BLOCKS = YES;
				GCC_WARN_64_TO_32_BIT_CONVERSION = YES;
				GCC_WARN_ABOUT_RETURN_TYPE = YES_ERROR;
				GCC_WARN_UNDECLARED_SELECTOR = YES;
				GCC_WARN_UNINITIALIZED_AUTOS = YES_AGGRESSIVE;
				GCC_WARN_UNUSED_FUNCTION = YES;
				GCC_WARN_UNUSED_VARIABLE = YES;
				IPHONEOS_DEPLOYMENT_TARGET = 18.2;
				LOCALIZATION_PREFERS_STRING_CATALOGS = YES;
				MTL_ENABLE_DEBUG_INFO = NO;
				MTL_FAST_MATH = YES;
				SDKROOT = iphoneos;
				SWIFT_COMPILATION_MODE = wholemodule;
				VALIDATE_PRODUCT = YES;
			};
			name = Release;
		};
		E57D379D2D5D517B00DD4491 /* Debug */ = {
			isa = XCBuildConfiguration;
			buildSettings = {
				ASSETCATALOG_COMPILER_APPICON_NAME = AppIcon;
				ASSETCATALOG_COMPILER_GLOBAL_ACCENT_COLOR_NAME = AccentColor;
				CODE_SIGN_STYLE = Automatic;
				CURRENT_PROJECT_VERSION = 1;
				DEVELOPMENT_ASSET_PATHS = "\"SnowReport/Preview Content\"";
				DEVELOPMENT_TEAM = 36SHBPHF25;
				ENABLE_PREVIEWS = YES;
				GENERATE_INFOPLIST_FILE = YES;
				INFOPLIST_KEY_UIApplicationSceneManifest_Generation = YES;
				INFOPLIST_KEY_UIApplicationSupportsIndirectInputEvents = YES;
				INFOPLIST_KEY_UILaunchScreen_Generation = YES;
				INFOPLIST_KEY_UISupportedInterfaceOrientations_iPad = "UIInterfaceOrientationPortrait UIInterfaceOrientationPortraitUpsideDown UIInterfaceOrientationLandscapeLeft UIInterfaceOrientationLandscapeRight";
				INFOPLIST_KEY_UISupportedInterfaceOrientations_iPhone = "UIInterfaceOrientationPortrait UIInterfaceOrientationLandscapeLeft UIInterfaceOrientationLandscapeRight";
				LD_RUNPATH_SEARCH_PATHS = (
					"$(inherited)",
					"@executable_path/Frameworks",
				);
				MARKETING_VERSION = 1.0;
				PRODUCT_BUNDLE_IDENTIFIER = com.ainanameen.SnowReport;
				PRODUCT_NAME = "$(TARGET_NAME)";
				SWIFT_EMIT_LOC_STRINGS = YES;
				SWIFT_VERSION = 5.0;
				TARGETED_DEVICE_FAMILY = "1,2";
			};
			name = Debug;
		};
		E57D379E2D5D517B00DD4491 /* Release */ = {
			isa = XCBuildConfiguration;
			buildSettings = {
				ASSETCATALOG_COMPILER_APPICON_NAME = AppIcon;
				ASSETCATALOG_COMPILER_GLOBAL_ACCENT_COLOR_NAME = AccentColor;
				CODE_SIGN_STYLE = Automatic;
				CURRENT_PROJECT_VERSION = 1;
				DEVELOPMENT_ASSET_PATHS = "\"SnowReport/Preview Content\"";
				DEVELOPMENT_TEAM = 36SHBPHF25;
				ENABLE_PREVIEWS = YES;
				GENERATE_INFOPLIST_FILE = YES;
				INFOPLIST_KEY_UIApplicationSceneManifest_Generation = YES;
				INFOPLIST_KEY_UIApplicationSupportsIndirectInputEvents = YES;
				INFOPLIST_KEY_UILaunchScreen_Generation = YES;
				INFOPLIST_KEY_UISupportedInterfaceOrientations_iPad = "UIInterfaceOrientationPortrait UIInterfaceOrientationPortraitUpsideDown UIInterfaceOrientationLandscapeLeft UIInterfaceOrientationLandscapeRight";
				INFOPLIST_KEY_UISupportedInterfaceOrientations_iPhone = "UIInterfaceOrientationPortrait UIInterfaceOrientationLandscapeLeft UIInterfaceOrientationLandscapeRight";
				LD_RUNPATH_SEARCH_PATHS = (
					"$(inherited)",
					"@executable_path/Frameworks",
				);
				MARKETING_VERSION = 1.0;
				PRODUCT_BUNDLE_IDENTIFIER = com.ainanameen.SnowReport;
				PRODUCT_NAME = "$(TARGET_NAME)";
				SWIFT_EMIT_LOC_STRINGS = YES;
				SWIFT_VERSION = 5.0;
				TARGETED_DEVICE_FAMILY = "1,2";
			};
			name = Release;
		};
		E57D37A02D5D517B00DD4491 /* Debug */ = {
			isa = XCBuildConfiguration;
			buildSettings = {
				BUNDLE_LOADER = "$(TEST_HOST)";
				CODE_SIGN_STYLE = Automatic;
				CURRENT_PROJECT_VERSION = 1;
				DEVELOPMENT_TEAM = 36SHBPHF25;
				GENERATE_INFOPLIST_FILE = YES;
				IPHONEOS_DEPLOYMENT_TARGET = 18.2;
				MARKETING_VERSION = 1.0;
				PRODUCT_BUNDLE_IDENTIFIER = com.ainanameen.SnowReportTests;
				PRODUCT_NAME = "$(TARGET_NAME)";
				SWIFT_EMIT_LOC_STRINGS = NO;
				SWIFT_VERSION = 5.0;
				TARGETED_DEVICE_FAMILY = "1,2";
				TEST_HOST = "$(BUILT_PRODUCTS_DIR)/SnowReport.app/$(BUNDLE_EXECUTABLE_FOLDER_PATH)/SnowReport";
			};
			name = Debug;
		};
		E57D37A12D5D517B00DD4491 /* Release */ = {
			isa = XCBuildConfiguration;
			buildSettings = {
				BUNDLE_LOADER = "$(TEST_HOST)";
				CODE_SIGN_STYLE = Automatic;
				CURRENT_PROJECT_VERSION = 1;
				DEVELOPMENT_TEAM = 36SHBPHF25;
				GENERATE_INFOPLIST_FILE = YES;
				IPHONEOS_DEPLOYMENT_TARGET = 18.2;
				MARKETING_VERSION = 1.0;
				PRODUCT_BUNDLE_IDENTIFIER = com.ainanameen.SnowReportTests;
				PRODUCT_NAME = "$(TARGET_NAME)";
				SWIFT_EMIT_LOC_STRINGS = NO;
				SWIFT_VERSION = 5.0;
				TARGETED_DEVICE_FAMILY = "1,2";
				TEST_HOST = "$(BUILT_PRODUCTS_DIR)/SnowReport.app/$(BUNDLE_EXECUTABLE_FOLDER_PATH)/SnowReport";
			};
			name = Release;
		};
		E57D37A32D5D517B00DD4491 /* Debug */ = {
			isa = XCBuildConfiguration;
			buildSettings = {
				CODE_SIGN_STYLE = Automatic;
				CURRENT_PROJECT_VERSION = 1;
				DEVELOPMENT_TEAM = 36SHBPHF25;
				GENERATE_INFOPLIST_FILE = YES;
				MARKETING_VERSION = 1.0;
				PRODUCT_BUNDLE_IDENTIFIER = com.ainanameen.SnowReportUITests;
				PRODUCT_NAME = "$(TARGET_NAME)";
				SWIFT_EMIT_LOC_STRINGS = NO;
				SWIFT_VERSION = 5.0;
				TARGETED_DEVICE_FAMILY = "1,2";
				TEST_TARGET_NAME = SnowReport;
			};
			name = Debug;
		};
		E57D37A42D5D517B00DD4491 /* Release */ = {
			isa = XCBuildConfiguration;
			buildSettings = {
				CODE_SIGN_STYLE = Automatic;
				CURRENT_PROJECT_VERSION = 1;
				DEVELOPMENT_TEAM = 36SHBPHF25;
				GENERATE_INFOPLIST_FILE = YES;
				MARKETING_VERSION = 1.0;
				PRODUCT_BUNDLE_IDENTIFIER = com.ainanameen.SnowReportUITests;
				PRODUCT_NAME = "$(TARGET_NAME)";
				SWIFT_EMIT_LOC_STRINGS = NO;
				SWIFT_VERSION = 5.0;
				TARGETED_DEVICE_FAMILY = "1,2";
				TEST_TARGET_NAME = SnowReport;
			};
			name = Release;
		};
/* End XCBuildConfiguration section */

/* Begin XCConfigurationList section */
		E57D37732D5D517A00DD4491 /* Build configuration list for PBXProject "SnowReport" */ = {
			isa = XCConfigurationList;
			buildConfigurations = (
				E57D379A2D5D517B00DD4491 /* Debug */,
				E57D379B2D5D517B00DD4491 /* Release */,
			);
			defaultConfigurationIsVisible = 0;
			defaultConfigurationName = Release;
		};
		E57D379C2D5D517B00DD4491 /* Build configuration list for PBXNativeTarget "SnowReport" */ = {
			isa = XCConfigurationList;
			buildConfigurations = (
				E57D379D2D5D517B00DD4491 /* Debug */,
				E57D379E2D5D517B00DD4491 /* Release */,
			);
			defaultConfigurationIsVisible = 0;
			defaultConfigurationName = Release;
		};
		E57D379F2D5D517B00DD4491 /* Build configuration list for PBXNativeTarget "SnowReportTests" */ = {
			isa = XCConfigurationList;
			buildConfigurations = (
				E57D37A02D5D517B00DD4491 /* Debug */,
				E57D37A12D5D517B00DD4491 /* Release */,
			);
			defaultConfigurationIsVisible = 0;
			defaultConfigurationName = Release;
		};
		E57D37A22D5D517B00DD4491 /* Build configuration list for PBXNativeTarget "SnowReportUITests" */ = {
			isa = XCConfigurationList;
			buildConfigurations = (
				E57D37A32D5D517B00DD4491 /* Debug */,
				E57D37A42D5D517B00DD4491 /* Release */,
			);
			defaultConfigurationIsVisible = 0;
			defaultConfigurationName = Release;
		};
/* End XCConfigurationList section */
	};
	rootObject = E57D37702D5D517A00DD4491 /* Project object */;
}
